
Microsoft Visual Studio Solution File, Format Version 12.00
# Visual Studio Version 16
VisualStudioVersion = 16.0.31624.102
MinimumVisualStudioVersion = 10.0.40219.1
Project("{FAE04EC0-301F-11D3-BF4B-00C04F79EFBC}") = "griga", "griga\griga.csproj", "{33DBCA91-5C89-4172-A7FF-5F52D1F599AD}"
EndProject
Global
	GlobalSection(SolutionConfigurationPlatforms) = preSolution
		Debug|Any CPU = Debug|Any CPU
		Release|Any CPU = Release|Any CPU
	EndGlobalSection
	GlobalSection(ProjectConfigurationPlatforms) = postSolution
		{33DBCA91-5C89-4172-A7FF-5F52D1F599AD}.Debug|Any CPU.ActiveCfg = Debug|Any CPU
		{33DBCA91-5C89-4172-A7FF-5F52D1F599AD}.Debug|Any CPU.Build.0 = Debug|Any CPU
		{33DBCA91-5C89-4172-A7FF-5F52D1F599AD}.Release|Any CPU.ActiveCfg = Release|Any CPU
		{33DBCA91-5C89-4172-A7FF-5F52D1F599AD}.Release|Any CPU.Build.0 = Release|Any CPU
	EndGlobalSection
	GlobalSection(SolutionProperties) = preSolution
		HideSolutionNode = FALSE
	EndGlobalSection
	GlobalSection(ExtensibilityGlobals) = postSolution
		SolutionGuid = {2C51CC4C-6389-46C1-B088-EF6A42530D84}
	EndGlobalSection
EndGlobal
